
Microsoft Visual Studio Solution File, Format Version 12.00
# Visual Studio 2017
Project("{FAE04EC0-301F-11D3-BF4B-00C04F79EFBC}") = "Pizza Presser", "Pizza Presser.csproj", "{BF68DBB8-9E3F-35C9-E4D9-675E8A306F5B}"
EndProject
Global
	GlobalSection(SolutionConfigurationPlatforms) = preSolution
		Debug|Any CPU = Debug|Any CPU
		Release|Any CPU = Release|Any CPU
	EndGlobalSection
	GlobalSection(ProjectConfigurationPlatforms) = postSolution
		{BF68DBB8-9E3F-35C9-E4D9-675E8A306F5B}.Debug|Any CPU.ActiveCfg = Debug|Any CPU
		{BF68DBB8-9E3F-35C9-E4D9-675E8A306F5B}.Debug|Any CPU.Build.0 = Debug|Any CPU
		{BF68DBB8-9E3F-35C9-E4D9-675E8A306F5B}.Release|Any CPU.ActiveCfg = Release|Any CPU
		{BF68DBB8-9E3F-35C9-E4D9-675E8A306F5B}.Release|Any CPU.Build.0 = Release|Any CPU
	EndGlobalSection
	GlobalSection(SolutionProperties) = preSolution
		HideSolutionNode = FALSE
	EndGlobalSection
EndGlobal
